[[package]]
name = "atomicwrites"
version = "1.4.0"
description = "Atomic file writes."
category = "dev"
optional = false
python-versions = ">=2.7, !=3.0.*, !=3.1.*, !=3.2.*, !=3.3.*"

[[package]]
name = "attrs"
version = "21.2.0"
description = "Classes Without Boilerplate"
category = "dev"
optional = false
python-versions = ">=2.7, !=3.0.*, !=3.1.*, !=3.2.*, !=3.3.*, !=3.4.*"

[package.extras]
dev = ["coverage[toml] (>=5.0.2)", "hypothesis", "pympler", "pytest (>=4.3.0)", "six", "mypy", "pytest-mypy-plugins", "zope.interface", "furo", "sphinx", "sphinx-notfound-page", "pre-commit"]
docs = ["furo", "sphinx", "zope.interface", "sphinx-notfound-page"]
tests = ["coverage[toml] (>=5.0.2)", "hypothesis", "pympler", "pytest (>=4.3.0)", "six", "mypy", "pytest-mypy-plugins", "zope.interface"]
tests_no_zope = ["coverage[toml] (>=5.0.2)", "hypothesis", "pympler", "pytest (>=4.3.0)", "six", "mypy", "pytest-mypy-plugins"]

[[package]]
name = "colorama"
version = "0.4.4"
description = "Cross-platform colored terminal text."
category = "dev"
optional = false
python-versions = ">=2.7, !=3.0.*, !=3.1.*, !=3.2.*, !=3.3.*, !=3.4.*"

[[package]]
name = "mmh3"
version = "3.0.0"
description = "Python wrapper for MurmurHash (MurmurHash3), a set of fast and robust hash functions."
category = "main"
optional = false
python-versions = "*"

[[package]]
name = "more-itertools"
version = "8.11.0"
description = "More routines for operating on iterables, beyond itertools"
category = "dev"
optional = false
python-versions = ">=3.5"

[[package]]
name = "packaging"
version = "21.2"
description = "Core utilities for Python packages"
category = "dev"
optional = false
python-versions = ">=3.6"

[package.dependencies]
pyparsing = ">=2.0.2,<3"

[[package]]
name = "pluggy"
version = "0.13.1"
description = "plugin and hook calling mechanisms for python"
category = "dev"
optional = false
python-versions = ">=2.7, !=3.0.*, !=3.1.*, !=3.2.*, !=3.3.*"

[package.extras]
dev = ["pre-commit", "tox"]

[[package]]
name = "py"
version = "1.11.0"
description = "library with cross-python path, ini-parsing, io, code, log facilities"
category = "dev"
optional = false
python-versions = ">=2.7, !=3.0.*, !=3.1.*, !=3.2.*, !=3.3.*, !=3.4.*"

[[package]]
name = "pyparsing"
version = "2.4.7"
description = "Python parsing module"
category = "dev"
optional = false
python-versions = ">=2.6, !=3.0.*, !=3.1.*, !=3.2.*"

[[package]]
name = "pytest"
version = "5.4.3"
description = "pytest: simple powerful testing with Python"
category = "dev"
optional = false
python-versions = ">=3.5"

[package.dependencies]
atomicwrites = {version = ">=1.0", markers = "sys_platform == \"win32\""}
attrs = ">=17.4.0"
colorama = {version = "*", markers = "sys_platform == \"win32\""}
more-itertools = ">=4.0.0"
packaging = "*"
pluggy = ">=0.12,<1.0"
py = ">=1.5.0"
wcwidth = "*"

[package.extras]
checkqa-mypy = ["mypy (==v0.761)"]
testing = ["argcomplete", "hypothesis (>=3.56)", "mock", "nose", "requests", "xmlschema"]

[[package]]
name = "wcwidth"
version = "0.2.5"
description = "Measures the displayed width of unicode strings in a terminal"
category = "dev"
optional = false
python-versions = "*"

[metadata]
lock-version = "1.1"
python-versions = "^3.10"
content-hash = "4c8280e6bd1afda36cfa1ce4714c6ce72495c208772fe8a40a9d61fc3d529f44"

[metadata.files]
atomicwrites = [
    {file = "atomicwrites-1.4.0-py2.py3-none-any.whl", hash = "sha256:6d1784dea7c0c8d4a5172b6c620f40b6e4cbfdf96d783691f2e1302a7b88e197"},
    {file = "atomicwrites-1.4.0.tar.gz", hash = "sha256:ae70396ad1a434f9c7046fd2dd196fc04b12f9e91ffb859164193be8b6168a7a"},
]
attrs = [
    {file = "attrs-21.2.0-py2.py3-none-any.whl", hash = "sha256:149e90d6d8ac20db7a955ad60cf0e6881a3f20d37096140088356da6c716b0b1"},
    {file = "attrs-21.2.0.tar.gz", hash = "sha256:ef6aaac3ca6cd92904cdd0d83f629a15f18053ec84e6432106f7a4d04ae4f5fb"},
]
colorama = [
    {file = "colorama-0.4.4-py2.py3-none-any.whl", hash = "sha256:9f47eda37229f68eee03b24b9748937c7dc3868f906e8ba69fbcbdd3bc5dc3e2"},
    {file = "colorama-0.4.4.tar.gz", hash = "sha256:5941b2b48a20143d2267e95b1c2a7603ce057ee39fd88e7329b0c292aa16869b"},
]
mmh3 = [
    {file = "mmh3-3.0.0-cp36-cp36m-macosx_10_9_x86_64.whl", hash = "sha256:23912dde2ad4f701926948dd8e79a0e42b000f73962806f153931f52985e1e07"},
    {file = "mmh3-3.0.0-cp36-cp36m-manylinux1_x86_64.whl", hash = "sha256:07f1308a410dc406d6a3c282a685728d00a87f3ed684f012671b96d6cc6a41c3"},
    {file = "mmh3-3.0.0-cp36-cp36m-manylinux2010_x86_64.whl", hash = "sha256:167cbc2b5ae27f3bccd797a2e8a9e7561791bee4cc2885f2c140eedc5df000ef"},
    {file = "mmh3-3.0.0-cp36-cp36m-manylinux2014_aarch64.whl", hash = "sha256:8fb833c2942917eff54f984b067d93e5a3c54dbb00720323460cdfed9292835f"},
    {file = "mmh3-3.0.0-cp36-cp36m-win32.whl", hash = "sha256:b7d26d0243ed9a5b8bf7aa8c53697cb79dff1e1d207f42396b7a7cb2a62298b7"},
    {file = "mmh3-3.0.0-cp36-cp36m-win_amd64.whl", hash = "sha256:2b6c79fc314b34b911245b460a79b601fff39bb807521fb7ed7c15cacf0394ac"},
    {file = "mmh3-3.0.0-cp37-cp37m-macosx_10_9_x86_64.whl", hash = "sha256:6d0b3e9def1fdfe4eadd35ee26bf72bd715ba97711f7101302d54c9d2e70ba27"},
    {file = "mmh3-3.0.0-cp37-cp37m-manylinux1_x86_64.whl", hash = "sha256:8803d28c17cf898f5f00c0433e8b13d51fa3bb4ebecf59872ba1eaa20d94128a"},
    {file = "mmh3-3.0.0-cp37-cp37m-manylinux2010_x86_64.whl", hash = "sha256:01e456edf9cc381298a590923aadd1c0bf9934d93433099a5001d656112437c2"},
    {file = "mmh3-3.0.0-cp37-cp37m-manylinux2014_aarch64.whl", hash = "sha256:ff69ddc2d46e3e42720840b6b4f7bfb032fd1e677fac347fdfff6e4d9fd01212"},
    {file = "mmh3-3.0.0-cp37-cp37m-win32.whl", hash = "sha256:e08a5d81a2ff53625953290187bed4ae96a6972e2b5cd5984a6ebc5a9aab256c"},
    {file = "mmh3-3.0.0-cp37-cp37m-win_amd64.whl", hash = "sha256:12484ac80373db77d8a6beb7615e7dac8b6c3fb118905311a51450b4fc4a24d1"},
    {file = "mmh3-3.0.0-cp38-cp38-macosx_10_9_x86_64.whl", hash = "sha256:93c96e657e9bf9e9ef12ddaeae9f109c0b3134146e2eff2cbddde5a34190920e"},
    {file = "mmh3-3.0.0-cp38-cp38-manylinux1_x86_64.whl", hash = "sha256:9097be65aa95460bc68b6108601da8894757532450daf74034e4eaecd536acca"},
    {file = "mmh3-3.0.0-cp38-cp38-manylinux2010_x86_64.whl", hash = "sha256:19874e12acb4119ef1ef83062ef4ac953c3343dd07a67ede8fa096d0393f34be"},
    {file = "mmh3-3.0.0-cp38-cp38-manylinux2014_aarch64.whl", hash = "sha256:4589adcb609d1547aac7c1ac1064eb27cdd44b65b7e8a114e2971cd3b7110306"},
    {file = "mmh3-3.0.0-cp38-cp38-win32.whl", hash = "sha256:7a311efd4ecf122f21392ec6bf447c620cc783d20bdb9aec60bb469a54318419"},
    {file = "mmh3-3.0.0-cp38-cp38-win_amd64.whl", hash = "sha256:3566d1455fa4a09f8fb1aa5b37f68914949674f9aa2bd630e9fdf344207f55b5"},
    {file = "mmh3-3.0.0-cp39-cp39-macosx_10_9_x86_64.whl", hash = "sha256:92fdffd63edb67c30dbaba18a7448d762209c0e678b0c9d577d17b30362b59a3"},
    {file = "mmh3-3.0.0-cp39-cp39-macosx_11_0_arm64.whl", hash = "sha256:3e52b869572c09db0c1a483f6e9cedbccfae8a282d95e552d3d4bd0712ab3196"},
    {file = "mmh3-3.0.0-cp39-cp39-manylinux1_x86_64.whl", hash = "sha256:f1cce018cc82a8a6287e6aeb139e441129837b810f2ddf372e3ff7f0fefb0947"},
    {file = "mmh3-3.0.0-cp39-cp39-manylinux2010_x86_64.whl", hash = "sha256:0fd09c4b61fcddbcf0a87d5463b4e6d2919896736a67efc5248d5c74c1c9c742"},
    {file = "mmh3-3.0.0-cp39-cp39-manylinux2014_aarch64.whl", hash = "sha256:c17fe2e276edd37ad8a6aff3b1663d3479c2c5c5993539c1050422a1dae33033"},
    {file = "mmh3-3.0.0-cp39-cp39-win32.whl", hash = "sha256:150439b906b4deaf6d796b2c2d11fb6159f08d02330d97723071ab3bf43b51df"},
    {file = "mmh3-3.0.0-cp39-cp39-win_amd64.whl", hash = "sha256:bd870aedd9189eff1cf4e1687869b56c7e9461ee869789139c3e704009e5c227"},
    {file = "mmh3-3.0.0.tar.gz", hash = "sha256:d1ec578c09a07d3518ec9be540b87546397fa3455de73c166fcce51eaa5c41c5"},
]
more-itertools = [
    {file = "more-itertools-8.11.0.tar.gz", hash = "sha256:0a2fd25d343c08d7e7212071820e7e7ea2f41d8fb45d6bc8a00cd6ce3b7aab88"},
    {file = "more_itertools-8.11.0-py3-none-any.whl", hash = "sha256:88afff98d83d08fe5e4049b81e2b54c06ebb6b3871a600040865c7a592061cbb"},
]
packaging = [
    {file = "packaging-21.2-py3-none-any.whl", hash = "sha256:14317396d1e8cdb122989b916fa2c7e9ca8e2be9e8060a6eff75b6b7b4d8a7e0"},
    {file = "packaging-21.2.tar.gz", hash = "sha256:096d689d78ca690e4cd8a89568ba06d07ca097e3306a4381635073ca91479966"},
]
pluggy = [
    {file = "pluggy-0.13.1-py2.py3-none-any.whl", hash = "sha256:966c145cd83c96502c3c3868f50408687b38434af77734af1e9ca461a4081d2d"},
    {file = "pluggy-0.13.1.tar.gz", hash = "sha256:15b2acde666561e1298d71b523007ed7364de07029219b604cf808bfa1c765b0"},
]
py = [
    {file = "py-1.11.0-py2.py3-none-any.whl", hash = "sha256:607c53218732647dff4acdfcd50cb62615cedf612e72d1724fb1a0cc6405b378"},
    {file = "py-1.11.0.tar.gz", hash = "sha256:51c75c4126074b472f746a24399ad32f6053d1b34b68d2fa41e558e6f4a98719"},
]
pyparsing = [
    {file = "pyparsing-2.4.7-py2.py3-none-any.whl", hash = "sha256:ef9d7589ef3c200abe66653d3f1ab1033c3c419ae9b9bdb1240a85b024efc88b"},
    {file = "pyparsing-2.4.7.tar.gz", hash = "sha256:c203ec8783bf771a155b207279b9bccb8dea02d8f0c9e5f8ead507bc3246ecc1"},
]
pytest = [
    {file = "pytest-5.4.3-py3-none-any.whl", hash = "sha256:5c0db86b698e8f170ba4582a492248919255fcd4c79b1ee64ace34301fb589a1"},
    {file = "pytest-5.4.3.tar.gz", hash = "sha256:7979331bfcba207414f5e1263b5a0f8f521d0f457318836a7355531ed1a4c7d8"},
]
wcwidth = [
    {file = "wcwidth-0.2.5-py2.py3-none-any.whl", hash = "sha256:beb4802a9cebb9144e99086eff703a642a13d6a0052920003a230f3294bbe784"},
    {file = "wcwidth-0.2.5.tar.gz", hash = "sha256:c4d647b99872929fdb7bdcaa4fbe7f01413ed3d98077df798530e5b04f116c83"},
]
